
Microsoft Visual Studio Solution File, Format Version 12.00
# Visual Studio Version 17
VisualStudioVersion = 17.7.34024.191
MinimumVisualStudioVersion = 10.0.40219.1
Project("{FAE04EC0-301F-11D3-BF4B-00C04F79EFBC}") = "Bloggie.Web", "Bloggie.Web\Bloggie.Web.csproj", "{2CF3DF0C-31F1-4A04-9BA7-1C0A99CCD2A7}"
EndProject
Global
	GlobalSection(SolutionConfigurationPlatforms) = preSolution
		Debug|Any CPU = Debug|Any CPU
		Release|Any CPU = Release|Any CPU
	EndGlobalSection
	GlobalSection(ProjectConfigurationPlatforms) = postSolution
		{2CF3DF0C-31F1-4A04-9BA7-1C0A99CCD2A7}.Debug|Any CPU.ActiveCfg = Debug|Any CPU
		{2CF3DF0C-31F1-4A04-9BA7-1C0A99CCD2A7}.Debug|Any CPU.Build.0 = Debug|Any CPU
		{2CF3DF0C-31F1-4A04-9BA7-1C0A99CCD2A7}.Release|Any CPU.ActiveCfg = Release|Any CPU
		{2CF3DF0C-31F1-4A04-9BA7-1C0A99CCD2A7}.Release|Any CPU.Build.0 = Release|Any CPU
	EndGlobalSection
	GlobalSection(SolutionProperties) = preSolution
		HideSolutionNode = FALSE
	EndGlobalSection
	GlobalSection(ExtensibilityGlobals) = postSolution
		SolutionGuid = {893CA3F9-06D3-494F-B369-57B4B6F0C093}
	EndGlobalSection
EndGlobal
